
Microsoft Visual Studio Solution File, Format Version 12.00
# Visual Studio Version 16
VisualStudioVersion = 16.0.31515.178
MinimumVisualStudioVersion = 10.0.40219.1
Project("{888888A0-9F3D-457C-B088-3A5042F75D52}") = "CIS261 Course Project Part 1", "CIS261 Course Project Part 1.pyproj", "{ADB9005B-DC22-40C7-90B0-96308B767C71}"
EndProject
Global
	GlobalSection(SolutionConfigurationPlatforms) = preSolution
		Debug|Any CPU = Debug|Any CPU
		Release|Any CPU = Release|Any CPU
	EndGlobalSection
	GlobalSection(ProjectConfigurationPlatforms) = postSolution
		{ADB9005B-DC22-40C7-90B0-96308B767C71}.Debug|Any CPU.ActiveCfg = Debug|Any CPU
		{ADB9005B-DC22-40C7-90B0-96308B767C71}.Release|Any CPU.ActiveCfg = Release|Any CPU
	EndGlobalSection
	GlobalSection(SolutionProperties) = preSolution
		HideSolutionNode = FALSE
	EndGlobalSection
	GlobalSection(ExtensibilityGlobals) = postSolution
		SolutionGuid = {40635F1A-D750-496F-AD1E-6C2587B374F2}
	EndGlobalSection
EndGlobal
